
Microsoft Visual Studio Solution File, Format Version 12.00
# Visual Studio 15
VisualStudioVersion = 15.0.26730.10
MinimumVisualStudioVersion = 10.0.40219.1
Project("{FAE04EC0-301F-11D3-BF4B-00C04F79EFBC}") = "SpawnProc", "SpawnProc\SpawnProc.csproj", "{813EE927-23DF-43B5-9A29-AFD45F9F7E93}"
EndProject
Project("{FAE04EC0-301F-11D3-BF4B-00C04F79EFBC}") = "ChildProc", "ChildProc\ChildProc.csproj", "{EC0C8550-69BA-4298-99CC-9B7841C8A767}"
EndProject
Project("{FAE04EC0-301F-11D3-BF4B-00C04F79EFBC}") = "Repo", "Repo\Repo.csproj", "{257B6065-F7B1-43B3-A10B-A864FA158338}"
EndProject
Project("{FAE04EC0-301F-11D3-BF4B-00C04F79EFBC}") = "MessagePassingCommService", "MessagePassingCommService\MessagePassingCommService.csproj", "{6A9DF216-52D2-4E9C-BE52-872DC211FCAE}"
EndProject
Project("{FAE04EC0-301F-11D3-BF4B-00C04F79EFBC}") = "IMessagePassingCommService", "IService\IMessagePassingCommService.csproj", "{7D2C285E-9231-443E-99F1-7771B141C8F0}"
EndProject
Project("{FAE04EC0-301F-11D3-BF4B-00C04F79EFBC}") = "TestUtilities", "TestUtilities\TestUtilities.csproj", "{BF6A68CE-EF4E-40E4-AF2E-CE9BF2B6CFED}"
EndProject
Project("{FAE04EC0-301F-11D3-BF4B-00C04F79EFBC}") = "GUI", "GUI\GUI.csproj", "{AC636923-9CB5-4000-BB2F-AB608BF63119}"
EndProject
Project("{FAE04EC0-301F-11D3-BF4B-00C04F79EFBC}") = "FileMgr", "FileMgr\FileMgr.csproj", "{CABC48E3-D968-48CF-9BE6-B65D742FE802}"
EndProject
Project("{FAE04EC0-301F-11D3-BF4B-00C04F79EFBC}") = "Environment", "Environment\Environment.csproj", "{73A22A67-D989-4C49-B109-EE1CC7917094}"
EndProject
Project("{FAE04EC0-301F-11D3-BF4B-00C04F79EFBC}") = "TestHarness", "TestHarness\TestHarness.csproj", "{F741D17A-0F15-4CB6-A818-A2B76072F8E2}"
EndProject
Global
	GlobalSection(SolutionConfigurationPlatforms) = preSolution
		Debug|Any CPU = Debug|Any CPU
		Release|Any CPU = Release|Any CPU
	EndGlobalSection
	GlobalSection(ProjectConfigurationPlatforms) = postSolution
		{813EE927-23DF-43B5-9A29-AFD45F9F7E93}.Debug|Any CPU.ActiveCfg = Debug|Any CPU
		{813EE927-23DF-43B5-9A29-AFD45F9F7E93}.Debug|Any CPU.Build.0 = Debug|Any CPU
		{813EE927-23DF-43B5-9A29-AFD45F9F7E93}.Release|Any CPU.ActiveCfg = Release|Any CPU
		{813EE927-23DF-43B5-9A29-AFD45F9F7E93}.Release|Any CPU.Build.0 = Release|Any CPU
		{EC0C8550-69BA-4298-99CC-9B7841C8A767}.Debug|Any CPU.ActiveCfg = Debug|Any CPU
		{EC0C8550-69BA-4298-99CC-9B7841C8A767}.Debug|Any CPU.Build.0 = Debug|Any CPU
		{EC0C8550-69BA-4298-99CC-9B7841C8A767}.Release|Any CPU.ActiveCfg = Release|Any CPU
		{EC0C8550-69BA-4298-99CC-9B7841C8A767}.Release|Any CPU.Build.0 = Release|Any CPU
		{257B6065-F7B1-43B3-A10B-A864FA158338}.Debug|Any CPU.ActiveCfg = Debug|Any CPU
		{257B6065-F7B1-43B3-A10B-A864FA158338}.Debug|Any CPU.Build.0 = Debug|Any CPU
		{257B6065-F7B1-43B3-A10B-A864FA158338}.Release|Any CPU.ActiveCfg = Release|Any CPU
		{257B6065-F7B1-43B3-A10B-A864FA158338}.Release|Any CPU.Build.0 = Release|Any CPU
		{6A9DF216-52D2-4E9C-BE52-872DC211FCAE}.Debug|Any CPU.ActiveCfg = Debug|Any CPU
		{6A9DF216-52D2-4E9C-BE52-872DC211FCAE}.Debug|Any CPU.Build.0 = Debug|Any CPU
		{6A9DF216-52D2-4E9C-BE52-872DC211FCAE}.Release|Any CPU.ActiveCfg = Release|Any CPU
		{6A9DF216-52D2-4E9C-BE52-872DC211FCAE}.Release|Any CPU.Build.0 = Release|Any CPU
		{7D2C285E-9231-443E-99F1-7771B141C8F0}.Debug|Any CPU.ActiveCfg = Debug|Any CPU
		{7D2C285E-9231-443E-99F1-7771B141C8F0}.Debug|Any CPU.Build.0 = Debug|Any CPU
		{7D2C285E-9231-443E-99F1-7771B141C8F0}.Release|Any CPU.ActiveCfg = Release|Any CPU
		{7D2C285E-9231-443E-99F1-7771B141C8F0}.Release|Any CPU.Build.0 = Release|Any CPU
		{BF6A68CE-EF4E-40E4-AF2E-CE9BF2B6CFED}.Debug|Any CPU.ActiveCfg = Debug|Any CPU
		{BF6A68CE-EF4E-40E4-AF2E-CE9BF2B6CFED}.Debug|Any CPU.Build.0 = Debug|Any CPU
		{BF6A68CE-EF4E-40E4-AF2E-CE9BF2B6CFED}.Release|Any CPU.ActiveCfg = Release|Any CPU
		{BF6A68CE-EF4E-40E4-AF2E-CE9BF2B6CFED}.Release|Any CPU.Build.0 = Release|Any CPU
		{AC636923-9CB5-4000-BB2F-AB608BF63119}.Debug|Any CPU.ActiveCfg = Debug|Any CPU
		{AC636923-9CB5-4000-BB2F-AB608BF63119}.Debug|Any CPU.Build.0 = Debug|Any CPU
		{AC636923-9CB5-4000-BB2F-AB608BF63119}.Release|Any CPU.ActiveCfg = Release|Any CPU
		{AC636923-9CB5-4000-BB2F-AB608BF63119}.Release|Any CPU.Build.0 = Release|Any CPU
		{CABC48E3-D968-48CF-9BE6-B65D742FE802}.Debug|Any CPU.ActiveCfg = Debug|Any CPU
		{CABC48E3-D968-48CF-9BE6-B65D742FE802}.Debug|Any CPU.Build.0 = Debug|Any CPU
		{CABC48E3-D968-48CF-9BE6-B65D742FE802}.Release|Any CPU.ActiveCfg = Release|Any CPU
		{CABC48E3-D968-48CF-9BE6-B65D742FE802}.Release|Any CPU.Build.0 = Release|Any CPU
		{73A22A67-D989-4C49-B109-EE1CC7917094}.Debug|Any CPU.ActiveCfg = Debug|Any CPU
		{73A22A67-D989-4C49-B109-EE1CC7917094}.Debug|Any CPU.Build.0 = Debug|Any CPU
		{73A22A67-D989-4C49-B109-EE1CC7917094}.Release|Any CPU.ActiveCfg = Release|Any CPU
		{73A22A67-D989-4C49-B109-EE1CC7917094}.Release|Any CPU.Build.0 = Release|Any CPU
		{F741D17A-0F15-4CB6-A818-A2B76072F8E2}.Debug|Any CPU.ActiveCfg = Debug|Any CPU
		{F741D17A-0F15-4CB6-A818-A2B76072F8E2}.Debug|Any CPU.Build.0 = Debug|Any CPU
		{F741D17A-0F15-4CB6-A818-A2B76072F8E2}.Release|Any CPU.ActiveCfg = Release|Any CPU
		{F741D17A-0F15-4CB6-A818-A2B76072F8E2}.Release|Any CPU.Build.0 = Release|Any CPU
	EndGlobalSection
	GlobalSection(SolutionProperties) = preSolution
		HideSolutionNode = FALSE
	EndGlobalSection
	GlobalSection(ExtensibilityGlobals) = postSolution
		SolutionGuid = {E88B297F-3945-4946-87B6-17C6A2FD5AE4}
	EndGlobalSection
EndGlobal
